
Microsoft Visual Studio Solution File, Format Version 12.00
# Visual Studio Version 17
VisualStudioVersion = 17.3.32804.467
MinimumVisualStudioVersion = 10.0.40219.1
Project("{8BC9CEB8-8B4A-11D0-8D11-00A0C91BC942}") = "CourseProject2", "CourseProject2\CourseProject2.vcxproj", "{0499C648-B169-4657-8F4E-62033C8D0FAD}"
EndProject
Project("{8BC9CEB8-8B4A-11D0-8D11-00A0C91BC942}") = "VehiclesDLL", "VehiclesDLL\VehiclesDLL.vcxproj", "{8B61CF29-ABE7-42CC-9CF9-C10BD9F90D2D}"
EndProject
Project("{8BC9CEB8-8B4A-11D0-8D11-00A0C91BC942}") = "GroundVehiclesDLL", "GroundVehiclesDLL\GroundVehiclesDLL.vcxproj", "{9D1CC8AC-9B5D-40E5-BDFD-AFA8EBAAEEF8}"
EndProject
Project("{8BC9CEB8-8B4A-11D0-8D11-00A0C91BC942}") = "AirVehiclesDLL", "AirVehiclesDLL\AirVehiclesDLL.vcxproj", "{9B26F1BB-FDE8-4579-973F-AD15B53FE24E}"
EndProject
Project("{8BC9CEB8-8B4A-11D0-8D11-00A0C91BC942}") = "CamelDLL", "CamelDLL\CamelDLL.vcxproj", "{A2FF2628-353D-4795-A47F-8AB52F55A87B}"
EndProject
Project("{8BC9CEB8-8B4A-11D0-8D11-00A0C91BC942}") = "SpeedCamelDLL", "SpeedCamelDLL\SpeedCamelDLL.vcxproj", "{A45E4515-E05F-4DC4-8E0C-A47490E8AFA2}"
EndProject
Project("{8BC9CEB8-8B4A-11D0-8D11-00A0C91BC942}") = "CentaurDLL", "CentaurDLL\CentaurDLL.vcxproj", "{5C84463E-0167-400F-B4AE-13B9FF5ED6FA}"
EndProject
Project("{8BC9CEB8-8B4A-11D0-8D11-00A0C91BC942}") = "AllTerrainBootsDLL", "AllTerrainBootsDLL\AllTerrainBootsDLL.vcxproj", "{18D09558-360D-401C-BA56-C5871845A680}"
EndProject
Project("{8BC9CEB8-8B4A-11D0-8D11-00A0C91BC942}") = "MagicCarpetDLL", "MagicCarpetDLL\MagicCarpetDLL.vcxproj", "{B102FFAF-9DA5-4DC0-BAF5-00379700CBC7}"
EndProject
Project("{8BC9CEB8-8B4A-11D0-8D11-00A0C91BC942}") = "EagleDLL", "EagleDLL\EagleDLL.vcxproj", "{A21C83BB-3F10-4E43-AE38-E1E96508A669}"
EndProject
Project("{8BC9CEB8-8B4A-11D0-8D11-00A0C91BC942}") = "BroomDLL", "BroomDLL\BroomDLL.vcxproj", "{DB8EC489-EE6B-485C-98DD-1478C482513F}"
EndProject
Global
	GlobalSection(SolutionConfigurationPlatforms) = preSolution
		Debug|x64 = Debug|x64
		Debug|x86 = Debug|x86
		Release|x64 = Release|x64
		Release|x86 = Release|x86
	EndGlobalSection
	GlobalSection(ProjectConfigurationPlatforms) = postSolution
		{0499C648-B169-4657-8F4E-62033C8D0FAD}.Debug|x64.ActiveCfg = Debug|x64
		{0499C648-B169-4657-8F4E-62033C8D0FAD}.Debug|x64.Build.0 = Debug|x64
		{0499C648-B169-4657-8F4E-62033C8D0FAD}.Debug|x86.ActiveCfg = Debug|Win32
		{0499C648-B169-4657-8F4E-62033C8D0FAD}.Debug|x86.Build.0 = Debug|Win32
		{0499C648-B169-4657-8F4E-62033C8D0FAD}.Release|x64.ActiveCfg = Release|x64
		{0499C648-B169-4657-8F4E-62033C8D0FAD}.Release|x64.Build.0 = Release|x64
		{0499C648-B169-4657-8F4E-62033C8D0FAD}.Release|x86.ActiveCfg = Release|Win32
		{0499C648-B169-4657-8F4E-62033C8D0FAD}.Release|x86.Build.0 = Release|Win32
		{8B61CF29-ABE7-42CC-9CF9-C10BD9F90D2D}.Debug|x64.ActiveCfg = Debug|x64
		{8B61CF29-ABE7-42CC-9CF9-C10BD9F90D2D}.Debug|x64.Build.0 = Debug|x64
		{8B61CF29-ABE7-42CC-9CF9-C10BD9F90D2D}.Debug|x86.ActiveCfg = Debug|Win32
		{8B61CF29-ABE7-42CC-9CF9-C10BD9F90D2D}.Debug|x86.Build.0 = Debug|Win32
		{8B61CF29-ABE7-42CC-9CF9-C10BD9F90D2D}.Release|x64.ActiveCfg = Release|x64
		{8B61CF29-ABE7-42CC-9CF9-C10BD9F90D2D}.Release|x64.Build.0 = Release|x64
		{8B61CF29-ABE7-42CC-9CF9-C10BD9F90D2D}.Release|x86.ActiveCfg = Release|Win32
		{8B61CF29-ABE7-42CC-9CF9-C10BD9F90D2D}.Release|x86.Build.0 = Release|Win32
		{9D1CC8AC-9B5D-40E5-BDFD-AFA8EBAAEEF8}.Debug|x64.ActiveCfg = Debug|x64
		{9D1CC8AC-9B5D-40E5-BDFD-AFA8EBAAEEF8}.Debug|x64.Build.0 = Debug|x64
		{9D1CC8AC-9B5D-40E5-BDFD-AFA8EBAAEEF8}.Debug|x86.ActiveCfg = Debug|Win32
		{9D1CC8AC-9B5D-40E5-BDFD-AFA8EBAAEEF8}.Debug|x86.Build.0 = Debug|Win32
		{9D1CC8AC-9B5D-40E5-BDFD-AFA8EBAAEEF8}.Release|x64.ActiveCfg = Release|x64
		{9D1CC8AC-9B5D-40E5-BDFD-AFA8EBAAEEF8}.Release|x64.Build.0 = Release|x64
		{9D1CC8AC-9B5D-40E5-BDFD-AFA8EBAAEEF8}.Release|x86.ActiveCfg = Release|Win32
		{9D1CC8AC-9B5D-40E5-BDFD-AFA8EBAAEEF8}.Release|x86.Build.0 = Release|Win32
		{9B26F1BB-FDE8-4579-973F-AD15B53FE24E}.Debug|x64.ActiveCfg = Debug|x64
		{9B26F1BB-FDE8-4579-973F-AD15B53FE24E}.Debug|x64.Build.0 = Debug|x64
		{9B26F1BB-FDE8-4579-973F-AD15B53FE24E}.Debug|x86.ActiveCfg = Debug|Win32
		{9B26F1BB-FDE8-4579-973F-AD15B53FE24E}.Debug|x86.Build.0 = Debug|Win32
		{9B26F1BB-FDE8-4579-973F-AD15B53FE24E}.Release|x64.ActiveCfg = Release|x64
		{9B26F1BB-FDE8-4579-973F-AD15B53FE24E}.Release|x64.Build.0 = Release|x64
		{9B26F1BB-FDE8-4579-973F-AD15B53FE24E}.Release|x86.ActiveCfg = Release|Win32
		{9B26F1BB-FDE8-4579-973F-AD15B53FE24E}.Release|x86.Build.0 = Release|Win32
		{A2FF2628-353D-4795-A47F-8AB52F55A87B}.Debug|x64.ActiveCfg = Debug|x64
		{A2FF2628-353D-4795-A47F-8AB52F55A87B}.Debug|x64.Build.0 = Debug|x64
		{A2FF2628-353D-4795-A47F-8AB52F55A87B}.Debug|x86.ActiveCfg = Debug|Win32
		{A2FF2628-353D-4795-A47F-8AB52F55A87B}.Debug|x86.Build.0 = Debug|Win32
		{A2FF2628-353D-4795-A47F-8AB52F55A87B}.Release|x64.ActiveCfg = Release|x64
		{A2FF2628-353D-4795-A47F-8AB52F55A87B}.Release|x64.Build.0 = Release|x64
		{A2FF2628-353D-4795-A47F-8AB52F55A87B}.Release|x86.ActiveCfg = Release|Win32
		{A2FF2628-353D-4795-A47F-8AB52F55A87B}.Release|x86.Build.0 = Release|Win32
		{A45E4515-E05F-4DC4-8E0C-A47490E8AFA2}.Debug|x64.ActiveCfg = Debug|x64
		{A45E4515-E05F-4DC4-8E0C-A47490E8AFA2}.Debug|x64.Build.0 = Debug|x64
		{A45E4515-E05F-4DC4-8E0C-A47490E8AFA2}.Debug|x86.ActiveCfg = Debug|Win32
		{A45E4515-E05F-4DC4-8E0C-A47490E8AFA2}.Debug|x86.Build.0 = Debug|Win32
		{A45E4515-E05F-4DC4-8E0C-A47490E8AFA2}.Release|x64.ActiveCfg = Release|x64
		{A45E4515-E05F-4DC4-8E0C-A47490E8AFA2}.Release|x64.Build.0 = Release|x64
		{A45E4515-E05F-4DC4-8E0C-A47490E8AFA2}.Release|x86.ActiveCfg = Release|Win32
		{A45E4515-E05F-4DC4-8E0C-A47490E8AFA2}.Release|x86.Build.0 = Release|Win32
		{5C84463E-0167-400F-B4AE-13B9FF5ED6FA}.Debug|x64.ActiveCfg = Debug|x64
		{5C84463E-0167-400F-B4AE-13B9FF5ED6FA}.Debug|x64.Build.0 = Debug|x64
		{5C84463E-0167-400F-B4AE-13B9FF5ED6FA}.Debug|x86.ActiveCfg = Debug|Win32
		{5C84463E-0167-400F-B4AE-13B9FF5ED6FA}.Debug|x86.Build.0 = Debug|Win32
		{5C84463E-0167-400F-B4AE-13B9FF5ED6FA}.Release|x64.ActiveCfg = Release|x64
		{5C84463E-0167-400F-B4AE-13B9FF5ED6FA}.Release|x64.Build.0 = Release|x64
		{5C84463E-0167-400F-B4AE-13B9FF5ED6FA}.Release|x86.ActiveCfg = Release|Win32
		{5C84463E-0167-400F-B4AE-13B9FF5ED6FA}.Release|x86.Build.0 = Release|Win32
		{18D09558-360D-401C-BA56-C5871845A680}.Debug|x64.ActiveCfg = Debug|x64
		{18D09558-360D-401C-BA56-C5871845A680}.Debug|x64.Build.0 = Debug|x64
		{18D09558-360D-401C-BA56-C5871845A680}.Debug|x86.ActiveCfg = Debug|Win32
		{18D09558-360D-401C-BA56-C5871845A680}.Debug|x86.Build.0 = Debug|Win32
		{18D09558-360D-401C-BA56-C5871845A680}.Release|x64.ActiveCfg = Release|x64
		{18D09558-360D-401C-BA56-C5871845A680}.Release|x64.Build.0 = Release|x64
		{18D09558-360D-401C-BA56-C5871845A680}.Release|x86.ActiveCfg = Release|Win32
		{18D09558-360D-401C-BA56-C5871845A680}.Release|x86.Build.0 = Release|Win32
		{B102FFAF-9DA5-4DC0-BAF5-00379700CBC7}.Debug|x64.ActiveCfg = Debug|x64
		{B102FFAF-9DA5-4DC0-BAF5-00379700CBC7}.Debug|x64.Build.0 = Debug|x64
		{B102FFAF-9DA5-4DC0-BAF5-00379700CBC7}.Debug|x86.ActiveCfg = Debug|Win32
		{B102FFAF-9DA5-4DC0-BAF5-00379700CBC7}.Debug|x86.Build.0 = Debug|Win32
		{B102FFAF-9DA5-4DC0-BAF5-00379700CBC7}.Release|x64.ActiveCfg = Release|x64
		{B102FFAF-9DA5-4DC0-BAF5-00379700CBC7}.Release|x64.Build.0 = Release|x64
		{B102FFAF-9DA5-4DC0-BAF5-00379700CBC7}.Release|x86.ActiveCfg = Release|Win32
		{B102FFAF-9DA5-4DC0-BAF5-00379700CBC7}.Release|x86.Build.0 = Release|Win32
		{A21C83BB-3F10-4E43-AE38-E1E96508A669}.Debug|x64.ActiveCfg = Debug|x64
		{A21C83BB-3F10-4E43-AE38-E1E96508A669}.Debug|x64.Build.0 = Debug|x64
		{A21C83BB-3F10-4E43-AE38-E1E96508A669}.Debug|x86.ActiveCfg = Debug|Win32
		{A21C83BB-3F10-4E43-AE38-E1E96508A669}.Debug|x86.Build.0 = Debug|Win32
		{A21C83BB-3F10-4E43-AE38-E1E96508A669}.Release|x64.ActiveCfg = Release|x64
		{A21C83BB-3F10-4E43-AE38-E1E96508A669}.Release|x64.Build.0 = Release|x64
		{A21C83BB-3F10-4E43-AE38-E1E96508A669}.Release|x86.ActiveCfg = Release|Win32
		{A21C83BB-3F10-4E43-AE38-E1E96508A669}.Release|x86.Build.0 = Release|Win32
		{DB8EC489-EE6B-485C-98DD-1478C482513F}.Debug|x64.ActiveCfg = Debug|x64
		{DB8EC489-EE6B-485C-98DD-1478C482513F}.Debug|x64.Build.0 = Debug|x64
		{DB8EC489-EE6B-485C-98DD-1478C482513F}.Debug|x86.ActiveCfg = Debug|Win32
		{DB8EC489-EE6B-485C-98DD-1478C482513F}.Debug|x86.Build.0 = Debug|Win32
		{DB8EC489-EE6B-485C-98DD-1478C482513F}.Release|x64.ActiveCfg = Release|x64
		{DB8EC489-EE6B-485C-98DD-1478C482513F}.Release|x64.Build.0 = Release|x64
		{DB8EC489-EE6B-485C-98DD-1478C482513F}.Release|x86.ActiveCfg = Release|Win32
		{DB8EC489-EE6B-485C-98DD-1478C482513F}.Release|x86.Build.0 = Release|Win32
	EndGlobalSection
	GlobalSection(SolutionProperties) = preSolution
		HideSolutionNode = FALSE
	EndGlobalSection
	GlobalSection(ExtensibilityGlobals) = postSolution
		SolutionGuid = {BC381BE7-5F08-4814-98C4-571BB5A80F9B}
	EndGlobalSection
EndGlobal
